
Microsoft Visual Studio Solution File, Format Version 11.00
# Visual Studio 2010
Project("{8BC9CEB8-8B4A-11D0-8D11-00A0C91BC942}") = "Precompiled", "Precompiled\Precompiled.vcxproj", "{AE03D7C2-F2A3-4258-A035-4458BDAB95DF}"
EndProject
Global
	GlobalSection(SolutionConfigurationPlatforms) = preSolution
		Debug|Win32 = Debug|Win32
		Release|Win32 = Release|Win32
	EndGlobalSection
	GlobalSection(ProjectConfigurationPlatforms) = postSolution
		{AE03D7C2-F2A3-4258-A035-4458BDAB95DF}.Debug|Win32.ActiveCfg = Debug|Win32
		{AE03D7C2-F2A3-4258-A035-4458BDAB95DF}.Debug|Win32.Build.0 = Debug|Win32
		{AE03D7C2-F2A3-4258-A035-4458BDAB95DF}.Release|Win32.ActiveCfg = Release|Win32
		{AE03D7C2-F2A3-4258-A035-4458BDAB95DF}.Release|Win32.Build.0 = Release|Win32
	EndGlobalSection
	GlobalSection(SolutionProperties) = preSolution
		HideSolutionNode = FALSE
	EndGlobalSection
EndGlobal
